// !$*UTF8*$!
{
	archiveVersion = 1;
	classes = {
	};
	objectVersion = 50;
	objects = {

/* Begin PBXBuildFile section */
		C08654C024EB84C400991F61 /* AppDelegate.swift in Sources */ = {isa = PBXBuildFile; fileRef = C08654BF24EB84C400991F61 /* AppDelegate.swift */; };
		C08654C224EB84C400991F61 /* SceneDelegate.swift in Sources */ = {isa = PBXBuildFile; fileRef = C08654C124EB84C400991F61 /* SceneDelegate.swift */; };
		C08654C424EB84C400991F61 /* ViewController.swift in Sources */ = {isa = PBXBuildFile; fileRef = C08654C324EB84C400991F61 /* ViewController.swift */; };
		C08654C724EB84C400991F61 /* Main.storyboard in Resources */ = {isa = PBXBuildFile; fileRef = C08654C524EB84C400991F61 /* Main.storyboard */; };
		C08654C924EB84C800991F61 /* Assets.xcassets in Resources */ = {isa = PBXBuildFile; fileRef = C08654C824EB84C800991F61 /* Assets.xcassets */; };
		C08654CC24EB84C800991F61 /* LaunchScreen.storyboard in Resources */ = {isa = PBXBuildFile; fileRef = C08654CA24EB84C800991F61 /* LaunchScreen.storyboard */; };
		D7511B4A7E9A90DE6E92F112 /* Pods_TestCICD.framework in Frameworks */ = {isa = PBXBuildFile; fileRef = 6E63C2316BC112F99DB8F912 /* Pods_TestCICD.framework */; };
/* End PBXBuildFile section */

/* Begin PBXFileReference section */
		6E63C2316BC112F99DB8F912 /* Pods_TestCICD.framework */ = {isa = PBXFileReference; explicitFileType = wrapper.framework; includeInIndex = 0; path = Pods_TestCICD.framework; sourceTree = BUILT_PRODUCTS_DIR; };
		C08654BC24EB84C400991F61 /* TestCICD.app */ = {isa = PBXFileReference; explicitFileType = wrapper.application; includeInIndex = 0; path = TestCICD.app; sourceTree = BUILT_PRODUCTS_DIR; };
		C08654BF24EB84C400991F61 /* AppDelegate.swift */ = {isa = PBXFileReference; lastKnownFileType = sourcecode.swift; path = AppDelegate.swift; sourceTree = "<group>"; };
		C08654C124EB84C400991F61 /* SceneDelegate.swift */ = {isa = PBXFileReference; lastKnownFileType = sourcecode.swift; path = SceneDelegate.swift; sourceTree = "<group>"; };
		C08654C324EB84C400991F61 /* ViewController.swift */ = {isa = PBXFileReference; lastKnownFileType = sourcecode.swift; path = ViewController.swift; sourceTree = "<group>"; };
		C08654C624EB84C400991F61 /* Base */ = {isa = PBXFileReference; lastKnownFileType = file.storyboard; name = Base; path = Base.lproj/Main.storyboard; sourceTree = "<group>"; };
		C08654C824EB84C800991F61 /* Assets.xcassets */ = {isa = PBXFileReference; lastKnownFileType = folder.assetcatalog; path = Assets.xcassets; sourceTree = "<group>"; };
		C08654CB24EB84C800991F61 /* Base */ = {isa = PBXFileReference; lastKnownFileType = file.storyboard; name = Base; path = Base.lproj/LaunchScreen.storyboard; sourceTree = "<group>"; };
		C08654CD24EB84C800991F61 /* Info.plist */ = {isa = PBXFileReference; lastKnownFileType = text.plist.xml; path = Info.plist; sourceTree = "<group>"; };
		C4D9A5CFFACFD61CC06380CF /* Pods-TestCICD.release.xcconfig */ = {isa = PBXFileReference; includeInIndex = 1; lastKnownFileType = text.xcconfig; name = "Pods-TestCICD.release.xcconfig"; path = "Target Support Files/Pods-TestCICD/Pods-TestCICD.release.xcconfig"; sourceTree = "<group>"; };
		F975D9E95505490F130B9463 /* Pods-TestCICD.debug.xcconfig */ = {isa = PBXFileReference; includeInIndex = 1; lastKnownFileType = text.xcconfig; name = "Pods-TestCICD.debug.xcconfig"; path = "Target Support Files/Pods-TestCICD/Pods-TestCICD.debug.xcconfig"; sourceTree = "<group>"; };
/* End PBXFileReference section */

/* Begin PBXFrameworksBuildPhase section */
		C08654B924EB84C400991F61 /* Frameworks */ = {
			isa = PBXFrameworksBuildPhase;
			buildActionMask = 2147483647;
			files = (
				D7511B4A7E9A90DE6E92F112 /* Pods_TestCICD.framework in Frameworks */,
			);
			runOnlyForDeploymentPostprocessing = 0;
		};
/* End PBXFrameworksBuildPhase section */

/* Begin PBXGroup section */
		6B278AF3E5D6DA3CFBFBFCA5 /* Frameworks */ = {
			isa = PBXGroup;
			children = (
				6E63C2316BC112F99DB8F912 /* Pods_TestCICD.framework */,
			);
			name = Frameworks;
			sourceTree = "<group>";
		};
		C08654B324EB84C400991F61 = {
			isa = PBXGroup;
			children = (
				C08654BE24EB84C400991F61 /* TestCICD */,
				C08654BD24EB84C400991F61 /* Products */,
				ECEF1DF3360AE43BF59CE709 /* Pods */,
				6B278AF3E5D6DA3CFBFBFCA5 /* Frameworks */,
			);
			sourceTree = "<group>";
		};
		C08654BD24EB84C400991F61 /* Products */ = {
			isa = PBXGroup;
			children = (
				C08654BC24EB84C400991F61 /* TestCICD.app */,
			);
			name = Products;
			sourceTree = "<group>";
		};
		C08654BE24EB84C400991F61 /* TestCICD */ = {
			isa = PBXGroup;
			children = (
				C08654BF24EB84C400991F61 /* AppDelegate.swift */,
				C08654C124EB84C400991F61 /* SceneDelegate.swift */,
				C08654C324EB84C400991F61 /* ViewController.swift */,
				C08654C524EB84C400991F61 /* Main.storyboard */,
				C08654C824EB84C800991F61 /* Assets.xcassets */,
				C08654CA24EB84C800991F61 /* LaunchScreen.storyboard */,
				C08654CD24EB84C800991F61 /* Info.plist */,
			);
			path = TestCICD;
			sourceTree = "<group>";
		};
		ECEF1DF3360AE43BF59CE709 /* Pods */ = {
			isa = PBXGroup;
			children = (
				F975D9E95505490F130B9463 /* Pods-TestCICD.debug.xcconfig */,
				C4D9A5CFFACFD61CC06380CF /* Pods-TestCICD.release.xcconfig */,
			);
			path = Pods;
			sourceTree = "<group>";
		};
/* End PBXGroup section */

/* Begin PBXNativeTarget section */
		C08654BB24EB84C400991F61 /* TestCICD */ = {
			isa = PBXNativeTarget;
			buildConfigurationList = C08654D024EB84C800991F61 /* Build configuration list for PBXNativeTarget "TestCICD" */;
			buildPhases = (
				4541CC63EB9D392BFAE5B68F /* [CP] Check Pods Manifest.lock */,
				C08654B824EB84C400991F61 /* Sources */,
				C08654B924EB84C400991F61 /* Frameworks */,
				C08654BA24EB84C400991F61 /* Resources */,
			);
			buildRules = (
			);
			dependencies = (
			);
			name = TestCICD;
			productName = TestCICD;
			productReference = C08654BC24EB84C400991F61 /* TestCICD.app */;
			productType = "com.apple.product-type.application";
		};
/* End PBXNativeTarget section */

/* Begin PBXProject section */
		C08654B424EB84C400991F61 /* Project object */ = {
			isa = PBXProject;
			attributes = {
				LastSwiftUpdateCheck = 1160;
				LastUpgradeCheck = 1160;
				ORGANIZATIONNAME = DiiDii;
				TargetAttributes = {
					C08654BB24EB84C400991F61 = {
						CreatedOnToolsVersion = 11.6;
					};
				};
			};
			buildConfigurationList = C08654B724EB84C400991F61 /* Build configuration list for PBXProject "TestCICD" */;
			compatibilityVersion = "Xcode 9.3";
			developmentRegion = en;
			hasScannedForEncodings = 0;
			knownRegions = (
				en,
				Base,
			);
			mainGroup = C08654B324EB84C400991F61;
			productRefGroup = C08654BD24EB84C400991F61 /* Products */;
			projectDirPath = "";
			projectRoot = "";
			targets = (
				C08654BB24EB84C400991F61 /* TestCICD */,
			);
		};
/* End PBXProject section */

/* Begin PBXResourcesBuildPhase section */
		C08654BA24EB84C400991F61 /* Resources */ = {
			isa = PBXResourcesBuildPhase;
			buildActionMask = 2147483647;
			files = (
				C08654CC24EB84C800991F61 /* LaunchScreen.storyboard in Resources */,
				C08654C924EB84C800991F61 /* Assets.xcassets in Resources */,
				C08654C724EB84C400991F61 /* Main.storyboard in Resources */,
			);
			runOnlyForDeploymentPostprocessing = 0;
		};
/* End PBXResourcesBuildPhase section */

/* Begin PBXShellScriptBuildPhase section */
		4541CC63EB9D392BFAE5B68F /* [CP] Check Pods Manifest.lock */ = {
			isa = PBXShellScriptBuildPhase;
			buildActionMask = 2147483647;
			files = (
			);
			inputFileListPaths = (
			);
			inputPaths = (
				"${PODS_PODFILE_DIR_PATH}/Podfile.lock",
				"${PODS_ROOT}/Manifest.lock",
			);
			name = "[CP] Check Pods Manifest.lock";
			outputFileListPaths = (
			);
			outputPaths = (
				"$(DERIVED_FILE_DIR)/Pods-TestCICD-checkManifestLockResult.txt",
			);
			runOnlyForDeploymentPostprocessing = 0;
			shellPath = /bin/sh;
			shellScript = "diff \"${PODS_PODFILE_DIR_PATH}/Podfile.lock\" \"${PODS_ROOT}/Manifest.lock\" > /dev/null\nif [ $? != 0 ] ; then\n    # print error to STDERR\n    echo \"error: The sandbox is not in sync with the Podfile.lock. Run 'pod install' or update your CocoaPods installation.\" >&2\n    exit 1\nfi\n# This output is used by Xcode 'outputs' to avoid re-running this script phase.\necho \"SUCCESS\" > \"${SCRIPT_OUTPUT_FILE_0}\"\n";
			showEnvVarsInLog = 0;
		};
/* End PBXShellScriptBuildPhase section */

/* Begin PBXSourcesBuildPhase section */
		C08654B824EB84C400991F61 /* Sources */ = {
			isa = PBXSourcesBuildPhase;
			buildActionMask = 2147483647;
			files = (
				C08654C424EB84C400991F61 /* ViewController.swift in Sources */,
				C08654C024EB84C400991F61 /* AppDelegate.swift in Sources */,
				C08654C224EB84C400991F61 /* SceneDelegate.swift in Sources */,
			);
			runOnlyForDeploymentPostprocessing = 0;
		};
/* End PBXSourcesBuildPhase section */

/* Begin PBXVariantGroup section */
		C08654C524EB84C400991F61 /* Main.storyboard */ = {
			isa = PBXVariantGroup;
			children = (
				C08654C624EB84C400991F61 /* Base */,
			);
			name = Main.storyboard;
			sourceTree = "<group>";
		};
		C08654CA24EB84C800991F61 /* LaunchScreen.storyboard */ = {
			isa = PBXVariantGroup;
			children = (
				C08654CB24EB84C800991F61 /* Base */,
			);
			name = LaunchScreen.storyboard;
			sourceTree = "<group>";
		};
/* End PBXVariantGroup section */

/* Begin XCBuildConfiguration section */
		C08654CE24EB84C800991F61 /* Debug */ = {
			isa = XCBuildConfiguration;
			buildSettings = {
				ALWAYS_SEARCH_USER_PATHS = NO;
				CLANG_ANALYZER_NONNULL = YES;
				CLANG_ANALYZER_NUMBER_OBJECT_CONVERSION = YES_AGGRESSIVE;
				CLANG_CXX_LANGUAGE_STANDARD = "gnu++14";
				CLANG_CXX_LIBRARY = "libc++";
				CLANG_ENABLE_MODULES = YES;
				CLANG_ENABLE_OBJC_ARC = YES;
				CLANG_ENABLE_OBJC_WEAK = YES;
				CLANG_WARN_BLOCK_CAPTURE_AUTORELEASING = YES;
				CLANG_WARN_BOOL_CONVERSION = YES;
				CLANG_WARN_COMMA = YES;
				CLANG_WARN_CONSTANT_CONVERSION = YES;
				CLANG_WARN_DEPRECATED_OBJC_IMPLEMENTATIONS = YES;
				CLANG_WARN_DIRECT_OBJC_ISA_USAGE = YES_ERROR;
				CLANG_WARN_DOCUMENTATION_COMMENTS = YES;
				CLANG_WARN_EMPTY_BODY = YES;
				CLANG_WARN_ENUM_CONVERSION = YES;
				CLANG_WARN_INFINITE_RECURSION = YES;
				CLANG_WARN_INT_CONVERSION = YES;
				CLANG_WARN_NON_LITERAL_NULL_CONVERSION = YES;
				CLANG_WARN_OBJC_IMPLICIT_RETAIN_SELF = YES;
				CLANG_WARN_OBJC_LITERAL_CONVERSION = YES;
				CLANG_WARN_OBJC_ROOT_CLASS = YES_ERROR;
				CLANG_WARN_RANGE_LOOP_ANALYSIS = YES;
				CLANG_WARN_STRICT_PROTOTYPES = YES;
				CLANG_WARN_SUSPICIOUS_MOVE = YES;
				CLANG_WARN_UNGUARDED_AVAILABILITY = YES_AGGRESSIVE;
				CLANG_WARN_UNREACHABLE_CODE = YES;
				CLANG_WARN__DUPLICATE_METHOD_MATCH = YES;
				COPY_PHASE_STRIP = NO;
				DEBUG_INFORMATION_FORMAT = dwarf;
				ENABLE_STRICT_OBJC_MSGSEND = YES;
				ENABLE_TESTABILITY = YES;
				GCC_C_LANGUAGE_STANDARD = gnu11;
				GCC_DYNAMIC_NO_PIC = NO;
				GCC_NO_COMMON_BLOCKS = YES;
				GCC_OPTIMIZATION_LEVEL = 0;
				GCC_PREPROCESSOR_DEFINITIONS = (
					"DEBUG=1",
					"$(inherited)",
				);
				GCC_WARN_64_TO_32_BIT_CONVERSION = YES;
				GCC_WARN_ABOUT_RETURN_TYPE = YES_ERROR;
				GCC_WARN_UNDECLARED_SELECTOR = YES;
				GCC_WARN_UNINITIALIZED_AUTOS = YES_AGGRESSIVE;
				GCC_WARN_UNUSED_FUNCTION = YES;
				GCC_WARN_UNUSED_VARIABLE = YES;
				IPHONEOS_DEPLOYMENT_TARGET = 13.6;
				MTL_ENABLE_DEBUG_INFO = INCLUDE_SOURCE;
				MTL_FAST_MATH = YES;
				ONLY_ACTIVE_ARCH = YES;
				SDKROOT = iphoneos;
				SWIFT_ACTIVE_COMPILATION_CONDITIONS = DEBUG;
				SWIFT_OPTIMIZATION_LEVEL = "-Onone";
			};
			name = Debug;
		};
		C08654CF24EB84C800991F61 /* Release */ = {
			isa = XCBuildConfiguration;
			buildSettings = {
				ALWAYS_SEARCH_USER_PATHS = NO;
				CLANG_ANALYZER_NONNULL = YES;
				CLANG_ANALYZER_NUMBER_OBJECT_CONVERSION = YES_AGGRESSIVE;
				CLANG_CXX_LANGUAGE_STANDARD = "gnu++14";
				CLANG_CXX_LIBRARY = "libc++";
				CLANG_ENABLE_MODULES = YES;
				CLANG_ENABLE_OBJC_ARC = YES;
				CLANG_ENABLE_OBJC_WEAK = YES;
				CLANG_WARN_BLOCK_CAPTURE_AUTORELEASING = YES;
				CLANG_WARN_BOOL_CONVERSION = YES;
				CLANG_WARN_COMMA = YES;
				CLANG_WARN_CONSTANT_CONVERSION = YES;
				CLANG_WARN_DEPRECATED_OBJC_IMPLEMENTATIONS = YES;
				CLANG_WARN_DIRECT_OBJC_ISA_USAGE = YES_ERROR;
				CLANG_WARN_DOCUMENTATION_COMMENTS = YES;
				CLANG_WARN_EMPTY_BODY = YES;
				CLANG_WARN_ENUM_CONVERSION = YES;
				CLANG_WARN_INFINITE_RECURSION = YES;
				CLANG_WARN_INT_CONVERSION = YES;
				CLANG_WARN_NON_LITERAL_NULL_CONVERSION = YES;
				CLANG_WARN_OBJC_IMPLICIT_RETAIN_SELF = YES;
				CLANG_WARN_OBJC_LITERAL_CONVERSION = YES;
				CLANG_WARN_OBJC_ROOT_CLASS = YES_ERROR;
				CLANG_WARN_RANGE_LOOP_ANALYSIS = YES;
				CLANG_WARN_STRICT_PROTOTYPES = YES;
				CLANG_WARN_SUSPICIOUS_MOVE = YES;
				CLANG_WARN_UNGUARDED_AVAILABILITY = YES_AGGRESSIVE;
				CLANG_WARN_UNREACHABLE_CODE = YES;
				CLANG_WARN__DUPLICATE_METHOD_MATCH = YES;
				COPY_PHASE_STRIP = NO;
				DEBUG_INFORMATION_FORMAT = "dwarf-with-dsym";
				ENABLE_NS_ASSERTIONS = NO;
				ENABLE_STRICT_OBJC_MSGSEND = YES;
				GCC_C_LANGUAGE_STANDARD = gnu11;
				GCC_NO_COMMON_BLOCKS = YES;
				GCC_WARN_64_TO_32_BIT_CONVERSION = YES;
				GCC_WARN_ABOUT_RETURN_TYPE = YES_ERROR;
				GCC_WARN_UNDECLARED_SELECTOR = YES;
				GCC_WARN_UNINITIALIZED_AUTOS = YES_AGGRESSIVE;
				GCC_WARN_UNUSED_FUNCTION = YES;
				GCC_WARN_UNUSED_VARIABLE = YES;
				IPHONEOS_DEPLOYMENT_TARGET = 13.6;
				MTL_ENABLE_DEBUG_INFO = NO;
				MTL_FAST_MATH = YES;
				SDKROOT = iphoneos;
				SWIFT_COMPILATION_MODE = wholemodule;
				SWIFT_OPTIMIZATION_LEVEL = "-O";
				VALIDATE_PRODUCT = YES;
			};
			name = Release;
		};
		C08654D124EB84C800991F61 /* Debug */ = {
			isa = XCBuildConfiguration;
			baseConfigurationReference = F975D9E95505490F130B9463 /* Pods-TestCICD.debug.xcconfig */;
			buildSettings = {
				ASSETCATALOG_COMPILER_APPICON_NAME = AppIcon;
				CODE_SIGN_STYLE = Manual;
				DEVELOPMENT_TEAM = "";
				INFOPLIST_FILE = TestCICD/Info.plist;
				LD_RUNPATH_SEARCH_PATHS = (
					"$(inherited)",
					"@executable_path/Frameworks",
				);
				PRODUCT_BUNDLE_IDENTIFIER = com.duytang.TestCICD;
				PRODUCT_NAME = "$(TARGET_NAME)";
				PROVISIONING_PROFILE_SPECIFIER = "";
				SWIFT_VERSION = 5.0;
				TARGETED_DEVICE_FAMILY = "1,2";
			};
			name = Debug;
		};
		C08654D224EB84C800991F61 /* Release */ = {
			isa = XCBuildConfiguration;
			baseConfigurationReference = C4D9A5CFFACFD61CC06380CF /* Pods-TestCICD.release.xcconfig */;
			buildSettings = {
				ASSETCATALOG_COMPILER_APPICON_NAME = AppIcon;
				CODE_SIGN_STYLE = Manual;
				DEVELOPMENT_TEAM = "";
				INFOPLIST_FILE = TestCICD/Info.plist;
				LD_RUNPATH_SEARCH_PATHS = (
					"$(inherited)",
					"@executable_path/Frameworks",
				);
				PRODUCT_BUNDLE_IDENTIFIER = com.duytang.TestCICD;
				PRODUCT_NAME = "$(TARGET_NAME)";
				PROVISIONING_PROFILE_SPECIFIER = "";
				SWIFT_VERSION = 5.0;
				TARGETED_DEVICE_FAMILY = "1,2";
			};
			name = Release;
		};
/* End XCBuildConfiguration section */

/* Begin XCConfigurationList section */
		C08654B724EB84C400991F61 /* Build configuration list for PBXProject "TestCICD" */ = {
			isa = XCConfigurationList;
			buildConfigurations = (
				C08654CE24EB84C800991F61 /* Debug */,
				C08654CF24EB84C800991F61 /* Release */,
			);
			defaultConfigurationIsVisible = 0;
			defaultConfigurationName = Release;
		};
		C08654D024EB84C800991F61 /* Build configuration list for PBXNativeTarget "TestCICD" */ = {
			isa = XCConfigurationList;
			buildConfigurations = (
				C08654D124EB84C800991F61 /* Debug */,
				C08654D224EB84C800991F61 /* Release */,
			);
			defaultConfigurationIsVisible = 0;
			defaultConfigurationName = Release;
		};
/* End XCConfigurationList section */
	};
	rootObject = C08654B424EB84C400991F61 /* Project object */;
}
